# Generated by buf. DO NOT EDIT.
version: v2
deps:
  - name: buf.build/bufbuild/protovalidate
    commit: c7344d9f5dae44fa894b132f761a5de4
    digest: b5:767fa1a8da73d06ec9f68bef8fa64e8f0bda8673d472604dc97d48be49333cfc0b822acdbb826795597b21fbd45daaeeef1cbb1937ceccfb9c8a03c9a7f8a838
  - name: buf.build/bufbuild/protovalidate-testing
    commit: 364c61d4c61d487c83a5c49b15a4dcdb
    digest: b5:2fe5e49fc4243a5c942a4f7d494d607d23e5b382f24f6e0fac78cef4fbd71baf792fb4caae20f9b40db82c1f7d16e94fe165674d2b19a3a9ce38a17af5a79926
