# Generated by buf. DO NOT EDIT.
version: v2
deps:
  - name: buf.build/bufbuild/protovalidate
    commit: b983156c5e994cc9892e0ce3e64e17e0
    digest: b5:a02a4a5a0a9306cf1391d17e8811bbd6a0dbd0e0e29ddfc34b9d103311164974472d43627c3d63e6a8abaffd6c7a301c4f7965bbab2dc56f7f7812429a84b812
  - name: buf.build/bufbuild/protovalidate-testing
    commit: 09d8555b907f4bfa9e784469b66e2bea
    digest: b5:de77b29bc5e88cfa2b0b1fa7b0e12f33d77aefca2821f465c5a54b77696e20919ffb7981cc90ceff41d0a3aab761457030056460bf20129b2dacae5cdcbe21b7
  - name: buf.build/envoyproxy/protoc-gen-validate
    commit: 71881f09a0c5420a9545a07987a86728
    digest: b5:e8a034a81f1d6218f712879269bedac768c9e39452d7a92f83d70923fcd6aa9eb02c81ff6ff337cd0dd9b9fe719d6c4459e655f662ae7112aaa1c2110992afd0
