# Generated by buf. DO NOT EDIT.
version: v2
deps:
  - name: buf.build/bufbuild/protovalidate
    commit: 9f2d3c737feb481a83375159c0733275
    digest: b5:19d3b83f7df2d284ff5935f4622d7f27e7464a93c210edb536e92a52bcc69b2a18da1312e96b5461601eba7b3764d5e90321bd62e6966870e7dbc2e4dedd98d6
  - name: buf.build/bufbuild/protovalidate-testing
    commit: 64cb206b26e840bcaacabae7b19bdf33
    digest: b5:f0abbad11668a70061ec8870c8c6b71f56e033ff97e0c22264648504e9a9c9f636304a01e27485eeacf7256f9bf25abc48503836948609f537a0fbc136be839b
