# Generated by buf. DO NOT EDIT.
version: v1
deps:
  - remote: buf.build
    owner: bufbuild
    repository: protovalidate
    commit: ca37dc8895db4729ac94f62f00fbd994
    digest: shake256:42c51d9091a313379dfdb0482cd86d2de412eb856721ac637bc8ff986694fd27924214440681f678c4c9dd2c24af0b4f59caf53e60d6fd1caa48c2d66d6c0425
  - remote: buf.build
    owner: bufbuild
    repository: protovalidate-testing
    commit: 39ebc72cac504302aef978ccdf37973f
    digest: shake256:f59467c589c22b40ae7b62a4290b9e6a98f75a3b4d96b694dc67a965656f17cba4dd7a0edf877fa5d628186bf0965283ed984399d9df801d856d9a56f516242d
  - remote: buf.build
    owner: envoyproxy
    repository: protoc-gen-validate
    commit: 6607b10f00ed4a3d98f906807131c44a
    digest: shake256:acc7b2ededb2f88d296862943a003b157bdb68ec93ed13dcd8566b2d06e47993ea6daf12013b9655658aaf6bbdb141cf65bfe400ce2870f4654b0a5b45e57c09
