# Generated by buf. DO NOT EDIT.
version: v1
deps:
  - remote: buf.build
    owner: bufbuild
    repository: protovalidate
    commit: ff921ee117154e14b8de3b1335a0f257
    digest: shake256:a0069b0e821f75d5f1e2074a23856c1e63d5bfabb63286d37aaf64cc2f7854c41a8f0ed6c3cf6de1451e612ec1d1bde589b466c8d892f116905bfbb4e223e6c5
  - remote: buf.build
    owner: bufbuild
    repository: protovalidate-testing
    commit: 9ba6914764d140a2b9666e8b203e309f
    digest: shake256:c23ce1466f562c828e181abc00ca47d7f1056bc05fe0048bc365dc4c9f9869d05ccb7688dac777957354083f5258219c242ea81716473c287b86b672580c138b
  - remote: buf.build
    owner: envoyproxy
    repository: protoc-gen-validate
    commit: eac44469a7af47e7839a7f1f3d7ac004
    digest: shake256:0feabcde01b6b11e3c75a5e3f807968d5995626546f39c37e5d4205892b3a59cced0ed83b35a2eb9e6dddd3309660ad46b737c9dcd224b425de0a6654ce04417
