# Generated by buf. DO NOT EDIT.
version: v1
deps:
  - remote: buf.build
    owner: bufbuild
    repository: protovalidate
    commit: 12f9cba37c9d49eeb6827dde227d6031
    digest: shake256:a9470135a1736bdb74396e35342b4431b0bf3a5e7a2198fb77f49be46af744aae134f8e0593683216e836f1f0a551ccf86a9f8857c6829b8d33f4b604602a5ff
  - remote: buf.build
    owner: bufbuild
    repository: protovalidate-testing
    commit: cc79bc8bf62b492d9a8305c400143fe9
    digest: shake256:3f1d2c20783f84518ec7226c59fbbe50e585be084eb855d5d01bd4fa0b22fe8011352919288f1eb5325607a0cf9bb72b94b11007eb065a6d21c81831e4bce2da
  - remote: buf.build
    owner: envoyproxy
    repository: protoc-gen-validate
    commit: eac44469a7af47e7839a7f1f3d7ac004
    digest: shake256:0feabcde01b6b11e3c75a5e3f807968d5995626546f39c37e5d4205892b3a59cced0ed83b35a2eb9e6dddd3309660ad46b737c9dcd224b425de0a6654ce04417
